
Microsoft Visual Studio Solution File, Format Version 12.00
# Visual Studio Version 17
VisualStudioVersion = 17.10.34928.147
MinimumVisualStudioVersion = 10.0.40219.1
Project("{FAE04EC0-301F-11D3-BF4B-00C04F79EFBC}") = "chess_WPF", "chess_WPF\chess_WPF.csproj", "{61D5F58A-8A1D-46C3-844A-4A66FF2EFE03}"
EndProject
Global
	GlobalSection(SolutionConfigurationPlatforms) = preSolution
		Debug|Any CPU = Debug|Any CPU
		Release|Any CPU = Release|Any CPU
	EndGlobalSection
	GlobalSection(ProjectConfigurationPlatforms) = postSolution
		{61D5F58A-8A1D-46C3-844A-4A66FF2EFE03}.Debug|Any CPU.ActiveCfg = Debug|Any CPU
		{61D5F58A-8A1D-46C3-844A-4A66FF2EFE03}.Debug|Any CPU.Build.0 = Debug|Any CPU
		{61D5F58A-8A1D-46C3-844A-4A66FF2EFE03}.Release|Any CPU.ActiveCfg = Release|Any CPU
		{61D5F58A-8A1D-46C3-844A-4A66FF2EFE03}.Release|Any CPU.Build.0 = Release|Any CPU
	EndGlobalSection
	GlobalSection(SolutionProperties) = preSolution
		HideSolutionNode = FALSE
	EndGlobalSection
	GlobalSection(ExtensibilityGlobals) = postSolution
		SolutionGuid = {7FC4E456-3420-4B1F-84BD-70392AA2EB78}
	EndGlobalSection
EndGlobal
